<?xml version="1.0" encoding="utf-8"?>
<Project ToolsVersion="4.0" xmlns="http://schemas.microsoft.com/developer/msbuild/2003">
  <ItemGroup>
    <Filter Include="imgui">
      <UniqueIdentifier>{4FC737F1-C7A5-4376-A066-2A32D752A2FF}</UniqueIdentifier>
      <Extensions>cpp;c;cc;cxx;c++;cppm;ixx;def;odl;idl;hpj;bat;asm;asmx</Extensions>
    </Filter>
    <Filter Include="backends">
      <UniqueIdentifier>{674f7325-0221-404b-8ed2-f4fb52773a14}</UniqueIdentifier>
    </Filter>
    <Filter Include="naett">
      <UniqueIdentifier>{efae7288-27c9-4a07-bda0-8e058eb1bd0f}</UniqueIdentifier>
    </Filter>
    <Filter Include="parson">
      <UniqueIdentifier>{8dc7019d-d822-43b8-8b24-792b696bfd0d}</UniqueIdentifier>
    </Filter>
  </ItemGroup>
  <ItemGroup>
    <Natvis Include="..\..\src\imgui.natvis" />
  </ItemGroup>
  <ItemGroup>
    <ClCompile Include="..\..\src\imgui\imgui_tables.cpp">
      <Filter>imgui</Filter>
    </ClCompile>
    <ClCompile Include="..\..\src\imgui\imgui_widgets.cpp">
      <Filter>imgui</Filter>
    </ClCompile>
    <ClCompile Include="..\..\src\imgui\imgui.cpp">
      <Filter>imgui</Filter>
    </ClCompile>
    <ClCompile Include="..\..\src\imgui\imgui_demo.cpp">
      <Filter>imgui</Filter>
    </ClCompile>
    <ClCompile Include="..\..\src\imgui\imgui_draw.cpp">
      <Filter>imgui</Filter>
    </ClCompile>
    <ClCompile Include="..\..\src\backends\imgui_impl_win32.cpp">
      <Filter>backends</Filter>
    </ClCompile>
    <ClCompile Include="..\..\src\backends\imgui_impl_dx11.cpp">
      <Filter>backends</Filter>
    </ClCompile>
    <ClCompile Include="..\..\src\main.cpp" />
    <ClCompile Include="..\..\src\naett\naett.c">
      <Filter>naett</Filter>
    </ClCompile>
    <ClCompile Include="..\..\src\trading_imgui.cpp" />
    <ClCompile Include="..\..\src\parson\parson.c">
      <Filter>parson</Filter>
    </ClCompile>
  </ItemGroup>
  <ItemGroup>
    <None Include="..\..\src\imgui.natstepfilter" />
    <None Include="..\..\src\.clang-format" />
  </ItemGroup>
  <ItemGroup>
    <ClInclude Include="..\..\src\imgui\imgui_internal.h">
      <Filter>imgui</Filter>
    </ClInclude>
    <ClInclude Include="..\..\src\imgui\imstb_rectpack.h">
      <Filter>imgui</Filter>
    </ClInclude>
    <ClInclude Include="..\..\src\imgui\imstb_textedit.h">
      <Filter>imgui</Filter>
    </ClInclude>
    <ClInclude Include="..\..\src\imgui\imstb_truetype.h">
      <Filter>imgui</Filter>
    </ClInclude>
    <ClInclude Include="..\..\src\imgui\imconfig.h">
      <Filter>imgui</Filter>
    </ClInclude>
    <ClInclude Include="..\..\src\imgui\imgui.h">
      <Filter>imgui</Filter>
    </ClInclude>
    <ClInclude Include="..\..\src\backends\imgui_impl_dx11.h">
      <Filter>backends</Filter>
    </ClInclude>
    <ClInclude Include="..\..\src\backends\imgui_impl_win32.h">
      <Filter>backends</Filter>
    </ClInclude>
    <ClInclude Include="..\..\src\naett\naett.h">
      <Filter>naett</Filter>
    </ClInclude>
    <ClInclude Include="..\..\src\trading_imgui.h" />
    <ClInclude Include="..\..\src\parson\parson.h">
      <Filter>parson</Filter>
    </ClInclude>
  </ItemGroup>
</Project>